
Microsoft Visual Studio Solution File, Format Version 12.00
# Visual Studio Version 16
VisualStudioVersion = 16.0.28705.295
MinimumVisualStudioVersion = 10.0.40219.1
Project("{FAE04EC0-301F-11D3-BF4B-00C04F79EFBC}") = "ConsoleApp.pipes01", "src\ConsoleApp.pipes01\ConsoleApp.pipes01.csproj", "{F9083544-F9F2-4F50-8391-26FC3B332842}"
EndProject
Global
	GlobalSection(SolutionConfigurationPlatforms) = preSolution
		Debug|Any CPU = Debug|Any CPU
		Release|Any CPU = Release|Any CPU
	EndGlobalSection
	GlobalSection(ProjectConfigurationPlatforms) = postSolution
		{F9083544-F9F2-4F50-8391-26FC3B332842}.Debug|Any CPU.ActiveCfg = Debug|Any CPU
		{F9083544-F9F2-4F50-8391-26FC3B332842}.Debug|Any CPU.Build.0 = Debug|Any CPU
		{F9083544-F9F2-4F50-8391-26FC3B332842}.Release|Any CPU.ActiveCfg = Release|Any CPU
		{F9083544-F9F2-4F50-8391-26FC3B332842}.Release|Any CPU.Build.0 = Release|Any CPU
	EndGlobalSection
	GlobalSection(SolutionProperties) = preSolution
		HideSolutionNode = FALSE
	EndGlobalSection
	GlobalSection(ExtensibilityGlobals) = postSolution
		SolutionGuid = {B9C8BD97-6C1A-4D3D-A83F-DD34E4BF3C2A}
	EndGlobalSection
EndGlobal
